// !$*UTF8*$!
{
	archiveVersion = 1;
	classes = {
	};
	objectVersion = 50;
	objects = {

/* Begin PBXBuildFile section */
		D83C565E2229B23100222029 /* pizzaBot.framework in Frameworks */ = {isa = PBXBuildFile; fileRef = D83C56542229B23100222029 /* pizzaBot.framework */; };
		D83C56632229B23100222029 /* pizzaBotTests.swift in Sources */ = {isa = PBXBuildFile; fileRef = D83C56622229B23100222029 /* pizzaBotTests.swift */; };
		D83C56652229B23100222029 /* pizzaBot.h in Headers */ = {isa = PBXBuildFile; fileRef = D83C56572229B23100222029 /* pizzaBot.h */; settings = {ATTRIBUTES = (Public, ); }; };
		D83C56782229B30C00222029 /* Executor.swift in Sources */ = {isa = PBXBuildFile; fileRef = D83C56772229B30C00222029 /* Executor.swift */; };
		D83C567B2229B31200222029 /* InputParser.swift in Sources */ = {isa = PBXBuildFile; fileRef = D83C56792229B31200222029 /* InputParser.swift */; };
		D83C567C2229B31200222029 /* DeliveryValidator.swift in Sources */ = {isa = PBXBuildFile; fileRef = D83C567A2229B31200222029 /* DeliveryValidator.swift */; };
		D83C56812229B31900222029 /* DeliveryOrder.swift in Sources */ = {isa = PBXBuildFile; fileRef = D83C567D2229B31900222029 /* DeliveryOrder.swift */; };
		D83C56822229B31900222029 /* Map.swift in Sources */ = {isa = PBXBuildFile; fileRef = D83C567E2229B31900222029 /* Map.swift */; };
		D83C56832229B31900222029 /* DeliveryPoint.swift in Sources */ = {isa = PBXBuildFile; fileRef = D83C567F2229B31900222029 /* DeliveryPoint.swift */; };
		D83C56842229B31900222029 /* Point.swift in Sources */ = {isa = PBXBuildFile; fileRef = D83C56802229B31900222029 /* Point.swift */; };
		D83C56862229B32100222029 /* PizzaBot.swift in Sources */ = {isa = PBXBuildFile; fileRef = D83C56852229B32100222029 /* PizzaBot.swift */; };
		D8B124852229B5C3006D0853 /* MapTests.swift in Sources */ = {isa = PBXBuildFile; fileRef = D8B124842229B5C3006D0853 /* MapTests.swift */; };
		D8B124872229B760006D0853 /* DeliveryPointTests.swift in Sources */ = {isa = PBXBuildFile; fileRef = D8B124862229B760006D0853 /* DeliveryPointTests.swift */; };
		D8B124892229B832006D0853 /* InputParserTests.swift in Sources */ = {isa = PBXBuildFile; fileRef = D8B124882229B832006D0853 /* InputParserTests.swift */; };
		D8B1248B2229BB30006D0853 /* DeliveryValidatorTests.swift in Sources */ = {isa = PBXBuildFile; fileRef = D8B1248A2229BB30006D0853 /* DeliveryValidatorTests.swift */; };
/* End PBXBuildFile section */

/* Begin PBXContainerItemProxy section */
		D83C565F2229B23100222029 /* PBXContainerItemProxy */ = {
			isa = PBXContainerItemProxy;
			containerPortal = D83C564B2229B23100222029 /* Project object */;
			proxyType = 1;
			remoteGlobalIDString = D83C56532229B23100222029;
			remoteInfo = pizzaBot;
		};
/* End PBXContainerItemProxy section */

/* Begin PBXFileReference section */
		D83C56542229B23100222029 /* pizzaBot.framework */ = {isa = PBXFileReference; explicitFileType = wrapper.framework; includeInIndex = 0; path = pizzaBot.framework; sourceTree = BUILT_PRODUCTS_DIR; };
		D83C56572229B23100222029 /* pizzaBot.h */ = {isa = PBXFileReference; lastKnownFileType = sourcecode.c.h; path = pizzaBot.h; sourceTree = "<group>"; };
		D83C56582229B23100222029 /* Info.plist */ = {isa = PBXFileReference; lastKnownFileType = text.plist.xml; path = Info.plist; sourceTree = "<group>"; };
		D83C565D2229B23100222029 /* pizzaBotTests.xctest */ = {isa = PBXFileReference; explicitFileType = wrapper.cfbundle; includeInIndex = 0; path = pizzaBotTests.xctest; sourceTree = BUILT_PRODUCTS_DIR; };
		D83C56622229B23100222029 /* pizzaBotTests.swift */ = {isa = PBXFileReference; lastKnownFileType = sourcecode.swift; path = pizzaBotTests.swift; sourceTree = "<group>"; };
		D83C56642229B23100222029 /* Info.plist */ = {isa = PBXFileReference; lastKnownFileType = text.plist.xml; path = Info.plist; sourceTree = "<group>"; };
		D83C56772229B30C00222029 /* Executor.swift */ = {isa = PBXFileReference; fileEncoding = 4; lastKnownFileType = sourcecode.swift; path = Executor.swift; sourceTree = "<group>"; };
		D83C56792229B31200222029 /* InputParser.swift */ = {isa = PBXFileReference; fileEncoding = 4; lastKnownFileType = sourcecode.swift; path = InputParser.swift; sourceTree = "<group>"; };
		D83C567A2229B31200222029 /* DeliveryValidator.swift */ = {isa = PBXFileReference; fileEncoding = 4; lastKnownFileType = sourcecode.swift; path = DeliveryValidator.swift; sourceTree = "<group>"; };
		D83C567D2229B31900222029 /* DeliveryOrder.swift */ = {isa = PBXFileReference; fileEncoding = 4; lastKnownFileType = sourcecode.swift; path = DeliveryOrder.swift; sourceTree = "<group>"; };
		D83C567E2229B31900222029 /* Map.swift */ = {isa = PBXFileReference; fileEncoding = 4; lastKnownFileType = sourcecode.swift; path = Map.swift; sourceTree = "<group>"; };
		D83C567F2229B31900222029 /* DeliveryPoint.swift */ = {isa = PBXFileReference; fileEncoding = 4; lastKnownFileType = sourcecode.swift; path = DeliveryPoint.swift; sourceTree = "<group>"; };
		D83C56802229B31900222029 /* Point.swift */ = {isa = PBXFileReference; fileEncoding = 4; lastKnownFileType = sourcecode.swift; path = Point.swift; sourceTree = "<group>"; };
		D83C56852229B32100222029 /* PizzaBot.swift */ = {isa = PBXFileReference; fileEncoding = 4; lastKnownFileType = sourcecode.swift; name = PizzaBot.swift; path = pizzaBot/PizzaBot.swift; sourceTree = SOURCE_ROOT; };
		D8B124842229B5C3006D0853 /* MapTests.swift */ = {isa = PBXFileReference; lastKnownFileType = sourcecode.swift; path = MapTests.swift; sourceTree = "<group>"; };
		D8B124862229B760006D0853 /* DeliveryPointTests.swift */ = {isa = PBXFileReference; lastKnownFileType = sourcecode.swift; path = DeliveryPointTests.swift; sourceTree = "<group>"; };
		D8B124882229B832006D0853 /* InputParserTests.swift */ = {isa = PBXFileReference; lastKnownFileType = sourcecode.swift; path = InputParserTests.swift; sourceTree = "<group>"; };
		D8B1248A2229BB30006D0853 /* DeliveryValidatorTests.swift */ = {isa = PBXFileReference; lastKnownFileType = sourcecode.swift; path = DeliveryValidatorTests.swift; sourceTree = "<group>"; };
/* End PBXFileReference section */

/* Begin PBXFrameworksBuildPhase section */
		D83C56512229B23100222029 /* Frameworks */ = {
			isa = PBXFrameworksBuildPhase;
			buildActionMask = 2147483647;
			files = (
			);
			runOnlyForDeploymentPostprocessing = 0;
		};
		D83C565A2229B23100222029 /* Frameworks */ = {
			isa = PBXFrameworksBuildPhase;
			buildActionMask = 2147483647;
			files = (
				D83C565E2229B23100222029 /* pizzaBot.framework in Frameworks */,
			);
			runOnlyForDeploymentPostprocessing = 0;
		};
/* End PBXFrameworksBuildPhase section */

/* Begin PBXGroup section */
		D83C564A2229B23100222029 = {
			isa = PBXGroup;
			children = (
				D83C56562229B23100222029 /* pizzaBot */,
				D83C56612229B23100222029 /* pizzaBotTests */,
				D83C56552229B23100222029 /* Products */,
			);
			sourceTree = "<group>";
		};
		D83C56552229B23100222029 /* Products */ = {
			isa = PBXGroup;
			children = (
				D83C56542229B23100222029 /* pizzaBot.framework */,
				D83C565D2229B23100222029 /* pizzaBotTests.xctest */,
			);
			name = Products;
			sourceTree = "<group>";
		};
		D83C56562229B23100222029 /* pizzaBot */ = {
			isa = PBXGroup;
			children = (
				D83C56732229B2C200222029 /* src */,
				D83C56572229B23100222029 /* pizzaBot.h */,
				D83C56582229B23100222029 /* Info.plist */,
			);
			path = pizzaBot;
			sourceTree = "<group>";
		};
		D83C56612229B23100222029 /* pizzaBotTests */ = {
			isa = PBXGroup;
			children = (
				D8B124832229B5AF006D0853 /* helperTests */,
				D8B124822229B55C006D0853 /* modelTests */,
				D83C56622229B23100222029 /* pizzaBotTests.swift */,
				D83C56642229B23100222029 /* Info.plist */,
			);
			path = pizzaBotTests;
			sourceTree = "<group>";
		};
		D83C56732229B2C200222029 /* src */ = {
			isa = PBXGroup;
			children = (
				D83C56852229B32100222029 /* PizzaBot.swift */,
				D83C56762229B2E200222029 /* algorithm */,
				D83C56752229B2DC00222029 /* helper */,
				D83C56742229B2CB00222029 /* model */,
			);
			path = src;
			sourceTree = "<group>";
		};
		D83C56742229B2CB00222029 /* model */ = {
			isa = PBXGroup;
			children = (
				D83C567D2229B31900222029 /* DeliveryOrder.swift */,
				D83C567F2229B31900222029 /* DeliveryPoint.swift */,
				D83C567E2229B31900222029 /* Map.swift */,
				D83C56802229B31900222029 /* Point.swift */,
			);
			path = model;
			sourceTree = "<group>";
		};
		D83C56752229B2DC00222029 /* helper */ = {
			isa = PBXGroup;
			children = (
				D83C567A2229B31200222029 /* DeliveryValidator.swift */,
				D83C56792229B31200222029 /* InputParser.swift */,
			);
			path = helper;
			sourceTree = "<group>";
		};
		D83C56762229B2E200222029 /* algorithm */ = {
			isa = PBXGroup;
			children = (
				D83C56772229B30C00222029 /* Executor.swift */,
			);
			path = algorithm;
			sourceTree = "<group>";
		};
		D8B124822229B55C006D0853 /* modelTests */ = {
			isa = PBXGroup;
			children = (
				D8B124842229B5C3006D0853 /* MapTests.swift */,
				D8B124862229B760006D0853 /* DeliveryPointTests.swift */,
			);
			path = modelTests;
			sourceTree = "<group>";
		};
		D8B124832229B5AF006D0853 /* helperTests */ = {
			isa = PBXGroup;
			children = (
				D8B124882229B832006D0853 /* InputParserTests.swift */,
				D8B1248A2229BB30006D0853 /* DeliveryValidatorTests.swift */,
			);
			path = helperTests;
			sourceTree = "<group>";
		};
/* End PBXGroup section */

/* Begin PBXHeadersBuildPhase section */
		D83C564F2229B23100222029 /* Headers */ = {
			isa = PBXHeadersBuildPhase;
			buildActionMask = 2147483647;
			files = (
				D83C56652229B23100222029 /* pizzaBot.h in Headers */,
			);
			runOnlyForDeploymentPostprocessing = 0;
		};
/* End PBXHeadersBuildPhase section */

/* Begin PBXNativeTarget section */
		D83C56532229B23100222029 /* pizzaBot */ = {
			isa = PBXNativeTarget;
			buildConfigurationList = D83C56682229B23100222029 /* Build configuration list for PBXNativeTarget "pizzaBot" */;
			buildPhases = (
				D83C564F2229B23100222029 /* Headers */,
				D83C56502229B23100222029 /* Sources */,
				D83C56512229B23100222029 /* Frameworks */,
				D83C56522229B23100222029 /* Resources */,
			);
			buildRules = (
			);
			dependencies = (
			);
			name = pizzaBot;
			productName = pizzaBot;
			productReference = D83C56542229B23100222029 /* pizzaBot.framework */;
			productType = "com.apple.product-type.framework";
		};
		D83C565C2229B23100222029 /* pizzaBotTests */ = {
			isa = PBXNativeTarget;
			buildConfigurationList = D83C566B2229B23100222029 /* Build configuration list for PBXNativeTarget "pizzaBotTests" */;
			buildPhases = (
				D83C56592229B23100222029 /* Sources */,
				D83C565A2229B23100222029 /* Frameworks */,
				D83C565B2229B23100222029 /* Resources */,
			);
			buildRules = (
			);
			dependencies = (
				D83C56602229B23100222029 /* PBXTargetDependency */,
			);
			name = pizzaBotTests;
			productName = pizzaBotTests;
			productReference = D83C565D2229B23100222029 /* pizzaBotTests.xctest */;
			productType = "com.apple.product-type.bundle.unit-test";
		};
/* End PBXNativeTarget section */

/* Begin PBXProject section */
		D83C564B2229B23100222029 /* Project object */ = {
			isa = PBXProject;
			attributes = {
				LastSwiftUpdateCheck = 1010;
				LastUpgradeCheck = 1010;
				ORGANIZATIONNAME = slice;
				TargetAttributes = {
					D83C56532229B23100222029 = {
						CreatedOnToolsVersion = 10.1;
						LastSwiftMigration = 1010;
					};
					D83C565C2229B23100222029 = {
						CreatedOnToolsVersion = 10.1;
					};
				};
			};
			buildConfigurationList = D83C564E2229B23100222029 /* Build configuration list for PBXProject "pizzaBot" */;
			compatibilityVersion = "Xcode 9.3";
			developmentRegion = en;
			hasScannedForEncodings = 0;
			knownRegions = (
				en,
			);
			mainGroup = D83C564A2229B23100222029;
			productRefGroup = D83C56552229B23100222029 /* Products */;
			projectDirPath = "";
			projectRoot = "";
			targets = (
				D83C56532229B23100222029 /* pizzaBot */,
				D83C565C2229B23100222029 /* pizzaBotTests */,
			);
		};
/* End PBXProject section */

/* Begin PBXResourcesBuildPhase section */
		D83C56522229B23100222029 /* Resources */ = {
			isa = PBXResourcesBuildPhase;
			buildActionMask = 2147483647;
			files = (
			);
			runOnlyForDeploymentPostprocessing = 0;
		};
		D83C565B2229B23100222029 /* Resources */ = {
			isa = PBXResourcesBuildPhase;
			buildActionMask = 2147483647;
			files = (
			);
			runOnlyForDeploymentPostprocessing = 0;
		};
/* End PBXResourcesBuildPhase section */

/* Begin PBXSourcesBuildPhase section */
		D83C56502229B23100222029 /* Sources */ = {
			isa = PBXSourcesBuildPhase;
			buildActionMask = 2147483647;
			files = (
				D83C56822229B31900222029 /* Map.swift in Sources */,
				D83C56782229B30C00222029 /* Executor.swift in Sources */,
				D83C567C2229B31200222029 /* DeliveryValidator.swift in Sources */,
				D83C56812229B31900222029 /* DeliveryOrder.swift in Sources */,
				D83C56862229B32100222029 /* PizzaBot.swift in Sources */,
				D83C56842229B31900222029 /* Point.swift in Sources */,
				D83C56832229B31900222029 /* DeliveryPoint.swift in Sources */,
				D83C567B2229B31200222029 /* InputParser.swift in Sources */,
			);
			runOnlyForDeploymentPostprocessing = 0;
		};
		D83C56592229B23100222029 /* Sources */ = {
			isa = PBXSourcesBuildPhase;
			buildActionMask = 2147483647;
			files = (
				D8B1248B2229BB30006D0853 /* DeliveryValidatorTests.swift in Sources */,
				D8B124852229B5C3006D0853 /* MapTests.swift in Sources */,
				D8B124892229B832006D0853 /* InputParserTests.swift in Sources */,
				D83C56632229B23100222029 /* pizzaBotTests.swift in Sources */,
				D8B124872229B760006D0853 /* DeliveryPointTests.swift in Sources */,
			);
			runOnlyForDeploymentPostprocessing = 0;
		};
/* End PBXSourcesBuildPhase section */

/* Begin PBXTargetDependency section */
		D83C56602229B23100222029 /* PBXTargetDependency */ = {
			isa = PBXTargetDependency;
			target = D83C56532229B23100222029 /* pizzaBot */;
			targetProxy = D83C565F2229B23100222029 /* PBXContainerItemProxy */;
		};
/* End PBXTargetDependency section */

/* Begin XCBuildConfiguration section */
		D83C56662229B23100222029 /* Debug */ = {
			isa = XCBuildConfiguration;
			buildSettings = {
				ALWAYS_SEARCH_USER_PATHS = NO;
				CLANG_ANALYZER_NONNULL = YES;
				CLANG_ANALYZER_NUMBER_OBJECT_CONVERSION = YES_AGGRESSIVE;
				CLANG_CXX_LANGUAGE_STANDARD = "gnu++14";
				CLANG_CXX_LIBRARY = "libc++";
				CLANG_ENABLE_MODULES = YES;
				CLANG_ENABLE_OBJC_ARC = YES;
				CLANG_ENABLE_OBJC_WEAK = YES;
				CLANG_WARN_BLOCK_CAPTURE_AUTORELEASING = YES;
				CLANG_WARN_BOOL_CONVERSION = YES;
				CLANG_WARN_COMMA = YES;
				CLANG_WARN_CONSTANT_CONVERSION = YES;
				CLANG_WARN_DEPRECATED_OBJC_IMPLEMENTATIONS = YES;
				CLANG_WARN_DIRECT_OBJC_ISA_USAGE = YES_ERROR;
				CLANG_WARN_DOCUMENTATION_COMMENTS = YES;
				CLANG_WARN_EMPTY_BODY = YES;
				CLANG_WARN_ENUM_CONVERSION = YES;
				CLANG_WARN_INFINITE_RECURSION = YES;
				CLANG_WARN_INT_CONVERSION = YES;
				CLANG_WARN_NON_LITERAL_NULL_CONVERSION = YES;
				CLANG_WARN_OBJC_IMPLICIT_RETAIN_SELF = YES;
				CLANG_WARN_OBJC_LITERAL_CONVERSION = YES;
				CLANG_WARN_OBJC_ROOT_CLASS = YES_ERROR;
				CLANG_WARN_RANGE_LOOP_ANALYSIS = YES;
				CLANG_WARN_STRICT_PROTOTYPES = YES;
				CLANG_WARN_SUSPICIOUS_MOVE = YES;
				CLANG_WARN_UNGUARDED_AVAILABILITY = YES_AGGRESSIVE;
				CLANG_WARN_UNREACHABLE_CODE = YES;
				CLANG_WARN__DUPLICATE_METHOD_MATCH = YES;
				CODE_SIGN_IDENTITY = "iPhone Developer";
				COPY_PHASE_STRIP = NO;
				CURRENT_PROJECT_VERSION = 1;
				DEBUG_INFORMATION_FORMAT = dwarf;
				ENABLE_STRICT_OBJC_MSGSEND = YES;
				ENABLE_TESTABILITY = YES;
				GCC_C_LANGUAGE_STANDARD = gnu11;
				GCC_DYNAMIC_NO_PIC = NO;
				GCC_NO_COMMON_BLOCKS = YES;
				GCC_OPTIMIZATION_LEVEL = 0;
				GCC_PREPROCESSOR_DEFINITIONS = (
					"DEBUG=1",
					"$(inherited)",
				);
				GCC_WARN_64_TO_32_BIT_CONVERSION = YES;
				GCC_WARN_ABOUT_RETURN_TYPE = YES_ERROR;
				GCC_WARN_UNDECLARED_SELECTOR = YES;
				GCC_WARN_UNINITIALIZED_AUTOS = YES_AGGRESSIVE;
				GCC_WARN_UNUSED_FUNCTION = YES;
				GCC_WARN_UNUSED_VARIABLE = YES;
				IPHONEOS_DEPLOYMENT_TARGET = 12.1;
				MTL_ENABLE_DEBUG_INFO = INCLUDE_SOURCE;
				MTL_FAST_MATH = YES;
				ONLY_ACTIVE_ARCH = YES;
				SDKROOT = iphoneos;
				SWIFT_ACTIVE_COMPILATION_CONDITIONS = DEBUG;
				SWIFT_OPTIMIZATION_LEVEL = "-Onone";
				VERSIONING_SYSTEM = "apple-generic";
				VERSION_INFO_PREFIX = "";
			};
			name = Debug;
		};
		D83C56672229B23100222029 /* Release */ = {
			isa = XCBuildConfiguration;
			buildSettings = {
				ALWAYS_SEARCH_USER_PATHS = NO;
				CLANG_ANALYZER_NONNULL = YES;
				CLANG_ANALYZER_NUMBER_OBJECT_CONVERSION = YES_AGGRESSIVE;
				CLANG_CXX_LANGUAGE_STANDARD = "gnu++14";
				CLANG_CXX_LIBRARY = "libc++";
				CLANG_ENABLE_MODULES = YES;
				CLANG_ENABLE_OBJC_ARC = YES;
				CLANG_ENABLE_OBJC_WEAK = YES;
				CLANG_WARN_BLOCK_CAPTURE_AUTORELEASING = YES;
				CLANG_WARN_BOOL_CONVERSION = YES;
				CLANG_WARN_COMMA = YES;
				CLANG_WARN_CONSTANT_CONVERSION = YES;
				CLANG_WARN_DEPRECATED_OBJC_IMPLEMENTATIONS = YES;
				CLANG_WARN_DIRECT_OBJC_ISA_USAGE = YES_ERROR;
				CLANG_WARN_DOCUMENTATION_COMMENTS = YES;
				CLANG_WARN_EMPTY_BODY = YES;
				CLANG_WARN_ENUM_CONVERSION = YES;
				CLANG_WARN_INFINITE_RECURSION = YES;
				CLANG_WARN_INT_CONVERSION = YES;
				CLANG_WARN_NON_LITERAL_NULL_CONVERSION = YES;
				CLANG_WARN_OBJC_IMPLICIT_RETAIN_SELF = YES;
				CLANG_WARN_OBJC_LITERAL_CONVERSION = YES;
				CLANG_WARN_OBJC_ROOT_CLASS = YES_ERROR;
				CLANG_WARN_RANGE_LOOP_ANALYSIS = YES;
				CLANG_WARN_STRICT_PROTOTYPES = YES;
				CLANG_WARN_SUSPICIOUS_MOVE = YES;
				CLANG_WARN_UNGUARDED_AVAILABILITY = YES_AGGRESSIVE;
				CLANG_WARN_UNREACHABLE_CODE = YES;
				CLANG_WARN__DUPLICATE_METHOD_MATCH = YES;
				CODE_SIGN_IDENTITY = "iPhone Developer";
				COPY_PHASE_STRIP = NO;
				CURRENT_PROJECT_VERSION = 1;
				DEBUG_INFORMATION_FORMAT = "dwarf-with-dsym";
				ENABLE_NS_ASSERTIONS = NO;
				ENABLE_STRICT_OBJC_MSGSEND = YES;
				GCC_C_LANGUAGE_STANDARD = gnu11;
				GCC_NO_COMMON_BLOCKS = YES;
				GCC_WARN_64_TO_32_BIT_CONVERSION = YES;
				GCC_WARN_ABOUT_RETURN_TYPE = YES_ERROR;
				GCC_WARN_UNDECLARED_SELECTOR = YES;
				GCC_WARN_UNINITIALIZED_AUTOS = YES_AGGRESSIVE;
				GCC_WARN_UNUSED_FUNCTION = YES;
				GCC_WARN_UNUSED_VARIABLE = YES;
				IPHONEOS_DEPLOYMENT_TARGET = 12.1;
				MTL_ENABLE_DEBUG_INFO = NO;
				MTL_FAST_MATH = YES;
				SDKROOT = iphoneos;
				SWIFT_COMPILATION_MODE = wholemodule;
				SWIFT_OPTIMIZATION_LEVEL = "-O";
				VALIDATE_PRODUCT = YES;
				VERSIONING_SYSTEM = "apple-generic";
				VERSION_INFO_PREFIX = "";
			};
			name = Release;
		};
		D83C56692229B23100222029 /* Debug */ = {
			isa = XCBuildConfiguration;
			buildSettings = {
				CLANG_ENABLE_MODULES = YES;
				CODE_SIGN_IDENTITY = "";
				CODE_SIGN_STYLE = Automatic;
				DEFINES_MODULE = YES;
				DYLIB_COMPATIBILITY_VERSION = 1;
				DYLIB_CURRENT_VERSION = 1;
				DYLIB_INSTALL_NAME_BASE = "@rpath";
				INFOPLIST_FILE = pizzaBot/Info.plist;
				INSTALL_PATH = "$(LOCAL_LIBRARY_DIR)/Frameworks";
				LD_RUNPATH_SEARCH_PATHS = (
					"$(inherited)",
					"@executable_path/Frameworks",
					"@loader_path/Frameworks",
				);
				PRODUCT_BUNDLE_IDENTIFIER = slice.pizzaBot;
				PRODUCT_NAME = "$(TARGET_NAME:c99extidentifier)";
				SKIP_INSTALL = YES;
				SWIFT_OPTIMIZATION_LEVEL = "-Onone";
				SWIFT_VERSION = 4.2;
				TARGETED_DEVICE_FAMILY = "1,2";
			};
			name = Debug;
		};
		D83C566A2229B23100222029 /* Release */ = {
			isa = XCBuildConfiguration;
			buildSettings = {
				CLANG_ENABLE_MODULES = YES;
				CODE_SIGN_IDENTITY = "";
				CODE_SIGN_STYLE = Automatic;
				DEFINES_MODULE = YES;
				DYLIB_COMPATIBILITY_VERSION = 1;
				DYLIB_CURRENT_VERSION = 1;
				DYLIB_INSTALL_NAME_BASE = "@rpath";
				INFOPLIST_FILE = pizzaBot/Info.plist;
				INSTALL_PATH = "$(LOCAL_LIBRARY_DIR)/Frameworks";
				LD_RUNPATH_SEARCH_PATHS = (
					"$(inherited)",
					"@executable_path/Frameworks",
					"@loader_path/Frameworks",
				);
				PRODUCT_BUNDLE_IDENTIFIER = slice.pizzaBot;
				PRODUCT_NAME = "$(TARGET_NAME:c99extidentifier)";
				SKIP_INSTALL = YES;
				SWIFT_VERSION = 4.2;
				TARGETED_DEVICE_FAMILY = "1,2";
			};
			name = Release;
		};
		D83C566C2229B23100222029 /* Debug */ = {
			isa = XCBuildConfiguration;
			buildSettings = {
				ALWAYS_EMBED_SWIFT_STANDARD_LIBRARIES = YES;
				CODE_SIGN_STYLE = Automatic;
				INFOPLIST_FILE = pizzaBotTests/Info.plist;
				LD_RUNPATH_SEARCH_PATHS = (
					"$(inherited)",
					"@executable_path/Frameworks",
					"@loader_path/Frameworks",
				);
				PRODUCT_BUNDLE_IDENTIFIER = slice.pizzaBotTests;
				PRODUCT_NAME = "$(TARGET_NAME)";
				SWIFT_VERSION = 4.2;
				TARGETED_DEVICE_FAMILY = "1,2";
			};
			name = Debug;
		};
		D83C566D2229B23100222029 /* Release */ = {
			isa = XCBuildConfiguration;
			buildSettings = {
				ALWAYS_EMBED_SWIFT_STANDARD_LIBRARIES = YES;
				CODE_SIGN_STYLE = Automatic;
				INFOPLIST_FILE = pizzaBotTests/Info.plist;
				LD_RUNPATH_SEARCH_PATHS = (
					"$(inherited)",
					"@executable_path/Frameworks",
					"@loader_path/Frameworks",
				);
				PRODUCT_BUNDLE_IDENTIFIER = slice.pizzaBotTests;
				PRODUCT_NAME = "$(TARGET_NAME)";
				SWIFT_VERSION = 4.2;
				TARGETED_DEVICE_FAMILY = "1,2";
			};
			name = Release;
		};
/* End XCBuildConfiguration section */

/* Begin XCConfigurationList section */
		D83C564E2229B23100222029 /* Build configuration list for PBXProject "pizzaBot" */ = {
			isa = XCConfigurationList;
			buildConfigurations = (
				D83C56662229B23100222029 /* Debug */,
				D83C56672229B23100222029 /* Release */,
			);
			defaultConfigurationIsVisible = 0;
			defaultConfigurationName = Release;
		};
		D83C56682229B23100222029 /* Build configuration list for PBXNativeTarget "pizzaBot" */ = {
			isa = XCConfigurationList;
			buildConfigurations = (
				D83C56692229B23100222029 /* Debug */,
				D83C566A2229B23100222029 /* Release */,
			);
			defaultConfigurationIsVisible = 0;
			defaultConfigurationName = Release;
		};
		D83C566B2229B23100222029 /* Build configuration list for PBXNativeTarget "pizzaBotTests" */ = {
			isa = XCConfigurationList;
			buildConfigurations = (
				D83C566C2229B23100222029 /* Debug */,
				D83C566D2229B23100222029 /* Release */,
			);
			defaultConfigurationIsVisible = 0;
			defaultConfigurationName = Release;
		};
/* End XCConfigurationList section */
	};
	rootObject = D83C564B2229B23100222029 /* Project object */;
}
